
Microsoft Visual Studio Solution File, Format Version 12.00
# Visual Studio Version 17
VisualStudioVersion = 17.5.002.0
MinimumVisualStudioVersion = 10.0.40219.1
Project("{9A19103F-16F7-4668-BE54-9A1E7A4F7556}") = "vishu", "BlazorApp\vishu.csproj", "{81EE3F7C-A0AA-4E56-8CB6-A6F67E886509}"
EndProject
Project("{9A19103F-16F7-4668-BE54-9A1E7A4F7556}") = "BWeatherapp", "BlazorWeatherDesktop\BWeatherapp.csproj", "{7CFB7140-8D17-4076-8C07-AC28FB30CA4F}"
EndProject
Project("{9A19103F-16F7-4668-BE54-9A1E7A4F7556}") = "CalculatorApp", "CalculatorApp\CalculatorApp.csproj", "{5CB7217B-1E8D-4B9A-A0B9-66642F4E837C}"
EndProject
Project("{9A19103F-16F7-4668-BE54-9A1E7A4F7556}") = "OllamaChatbot", "OllamaChatbot\OllamaChatbot.csproj", "{1CFFAEB1-DCD4-48C9-90E6-0ED45B9381D1}"
EndProject
Project("{9A19103F-16F7-4668-BE54-9A1E7A4F7556}") = "WeatherApp", "WeatherAppDesktop\WeatherApp.csproj", "{B492803A-8AAC-4529-825D-FD7E44070921}"
EndProject
Project("{2150E333-8FDC-42A3-9474-1A3956D46DE8}") = "CalculatorApp (1)", "CalculatorApp", "{81F24F7B-1557-47E4-A2A3-425C67BAE995}"
EndProject
Project("{9A19103F-16F7-4668-BE54-9A1E7A4F7556}") = "WeatherApp", "CalculatorApp\WeatherApp\WeatherApp.csproj", "{C7BB50CA-D7BF-499E-80E1-8944CF7950AC}"
EndProject
Global
	GlobalSection(SolutionConfigurationPlatforms) = preSolution
		Debug|Any CPU = Debug|Any CPU
		Release|Any CPU = Release|Any CPU
	EndGlobalSection
	GlobalSection(ProjectConfigurationPlatforms) = postSolution
		{81EE3F7C-A0AA-4E56-8CB6-A6F67E886509}.Debug|Any CPU.ActiveCfg = Debug|Any CPU
		{81EE3F7C-A0AA-4E56-8CB6-A6F67E886509}.Debug|Any CPU.Build.0 = Debug|Any CPU
		{81EE3F7C-A0AA-4E56-8CB6-A6F67E886509}.Release|Any CPU.ActiveCfg = Release|Any CPU
		{81EE3F7C-A0AA-4E56-8CB6-A6F67E886509}.Release|Any CPU.Build.0 = Release|Any CPU
		{7CFB7140-8D17-4076-8C07-AC28FB30CA4F}.Debug|Any CPU.ActiveCfg = Debug|Any CPU
		{7CFB7140-8D17-4076-8C07-AC28FB30CA4F}.Debug|Any CPU.Build.0 = Debug|Any CPU
		{7CFB7140-8D17-4076-8C07-AC28FB30CA4F}.Release|Any CPU.ActiveCfg = Release|Any CPU
		{7CFB7140-8D17-4076-8C07-AC28FB30CA4F}.Release|Any CPU.Build.0 = Release|Any CPU
		{5CB7217B-1E8D-4B9A-A0B9-66642F4E837C}.Debug|Any CPU.ActiveCfg = Debug|Any CPU
		{5CB7217B-1E8D-4B9A-A0B9-66642F4E837C}.Debug|Any CPU.Build.0 = Debug|Any CPU
		{5CB7217B-1E8D-4B9A-A0B9-66642F4E837C}.Release|Any CPU.ActiveCfg = Release|Any CPU
		{5CB7217B-1E8D-4B9A-A0B9-66642F4E837C}.Release|Any CPU.Build.0 = Release|Any CPU
		{1CFFAEB1-DCD4-48C9-90E6-0ED45B9381D1}.Debug|Any CPU.ActiveCfg = Debug|Any CPU
		{1CFFAEB1-DCD4-48C9-90E6-0ED45B9381D1}.Debug|Any CPU.Build.0 = Debug|Any CPU
		{1CFFAEB1-DCD4-48C9-90E6-0ED45B9381D1}.Release|Any CPU.ActiveCfg = Release|Any CPU
		{1CFFAEB1-DCD4-48C9-90E6-0ED45B9381D1}.Release|Any CPU.Build.0 = Release|Any CPU
		{B492803A-8AAC-4529-825D-FD7E44070921}.Debug|Any CPU.ActiveCfg = Debug|Any CPU
		{B492803A-8AAC-4529-825D-FD7E44070921}.Debug|Any CPU.Build.0 = Debug|Any CPU
		{B492803A-8AAC-4529-825D-FD7E44070921}.Release|Any CPU.ActiveCfg = Release|Any CPU
		{B492803A-8AAC-4529-825D-FD7E44070921}.Release|Any CPU.Build.0 = Release|Any CPU
		{C7BB50CA-D7BF-499E-80E1-8944CF7950AC}.Debug|Any CPU.ActiveCfg = Debug|Any CPU
		{C7BB50CA-D7BF-499E-80E1-8944CF7950AC}.Debug|Any CPU.Build.0 = Debug|Any CPU
		{C7BB50CA-D7BF-499E-80E1-8944CF7950AC}.Release|Any CPU.ActiveCfg = Release|Any CPU
		{C7BB50CA-D7BF-499E-80E1-8944CF7950AC}.Release|Any CPU.Build.0 = Release|Any CPU
	EndGlobalSection
	GlobalSection(SolutionProperties) = preSolution
		HideSolutionNode = FALSE
	EndGlobalSection
	GlobalSection(NestedProjects) = preSolution
		{C7BB50CA-D7BF-499E-80E1-8944CF7950AC} = {81F24F7B-1557-47E4-A2A3-425C67BAE995}
	EndGlobalSection
	GlobalSection(ExtensibilityGlobals) = postSolution
		SolutionGuid = {FB2ECDF5-A608-455E-8951-6E45E9DF45EE}
	EndGlobalSection
EndGlobal
